# This file is autogenerated, do not edit; changes may be undone by the next 'dep ensure'.


[[projects]]
  branch = "master"
  digest = "1:b02e5e3f836f077a3249d1dfe3c57d305e007f71a98f2e69c170a2dd8d2b266c"
  name = "github.com/AndreasBriese/bbloom"
  packages = ["."]
  pruneopts = "UT"
  revision = "343706a395b76e5ca5c7dca46a5d937b48febc74"

[[projects]]
  digest = "1:8b36a2a5ed2e66e577c35f9b0f770b4653977a025a59088ba4fd2fbbaa948382"
  name = "github.com/DavidBelicza/TextRank"
  packages = [
    ".",
    "convert",
    "parse",
    "rank",
  ]
  pruneopts = "UT"
  revision = "79e14bab980af3a1c9f4f5b73672ae1ef18ab732"
  version = "v2.1.1"

[[projects]]
  branch = "master"
  digest = "1:4a7be34ac4d3c56c039ece7d674236bde2d95f6adc93262cbb21d5b758566b15"
  name = "github.com/Kubuxu/go-os-helper"
  packages = ["."]
  pruneopts = "UT"
  revision = "3d3fc2fb493d8d889dddd5a4524283ac2faa4732"

[[projects]]
  digest = "1:af507368fe03bbc8c684c30fbbf9901f9b1f5b33188434f0b6afcf21cd21e687"
  name = "github.com/RTradeLtd/cmd"
  packages = ["."]
  pruneopts = "UT"
  revision = "20a519310f096a721cb787911b0f3e207dbdfb58"
  version = "v1.0.4-rc1"

[[projects]]
  digest = "1:85b96e99377a2d1b7fba5b8f3d4f48e99aa9f84cffd5f1793c984a712edb530d"
  name = "github.com/RTradeLtd/config"
  packages = ["."]
  pruneopts = "UT"
  revision = "bb92c485347b7fcb2ea6aa130b1c1ebd493018ae"
  version = "v1.0.8-rc2"

[[projects]]
  digest = "1:3d67a8814c90795c294a50eaa1ceb0aade2be4d93cbb4e344899e6a5ba1498aa"
  name = "github.com/RTradeLtd/grpc"
  packages = [
    "lens",
    "lens/request",
    "lens/response",
    "middleware",
  ]
  pruneopts = "UT"
  revision = "7d8322a88cebeabac74ec3d23719b9e9ae5a0904"
  version = "v1.0.6-rc2"

[[projects]]
  digest = "1:5f5090f05382959db941fa45acbeb7f4c5241aa8ac0f8f4393dec696e5953f53"
  name = "github.com/dgraph-io/badger"
  packages = [
    ".",
    "options",
    "protos",
    "skl",
    "table",
    "y",
  ]
  pruneopts = "UT"
  revision = "99233d725dbdd26d156c61b2f42ae1671b794656"
  version = "v1.5.4"

[[projects]]
  branch = "master"
  digest = "1:8583eab935e3d99d3a7ac489cd2ee7c8e95eecd7c64ab1fc8382746dacaf8563"
  name = "github.com/dgryski/go-farm"
  packages = ["."]
  pruneopts = "UT"
  revision = "2de33835d10275975374b37b2dcfd22c9020a1f5"

[[projects]]
  digest = "1:ce579162ae1341f3e5ab30c0dce767f28b1eb6a81359aad01723f1ba6b4becdf"
  name = "github.com/gofrs/uuid"
  packages = ["."]
  pruneopts = "UT"
  revision = "370558f003bfe29580cd0f698d8640daccdcc45c"
  version = "v3.1.1"

[[projects]]
  digest = "1:4c0989ca0bcd10799064318923b9bc2db6b4d6338dd75f3f2d86c3511aaaf5cf"
  name = "github.com/golang/protobuf"
  packages = [
    "proto",
    "ptypes",
    "ptypes/any",
    "ptypes/duration",
    "ptypes/timestamp",
  ]
  pruneopts = "UT"
  revision = "aa810b61a9c79d51363740d207bb46cf8e620ed5"
  version = "v1.2.0"

[[projects]]
  digest = "1:3a26588bc48b96825977c1b3df964f8fd842cd6860cc26370588d3563433cf11"
  name = "github.com/google/uuid"
  packages = ["."]
  pruneopts = "UT"
  revision = "d460ce9f8df2e77fb1ba55ca87fafed96c607494"
  version = "v1.0.0"

[[projects]]
  digest = "1:c805a0558c867a671fc2dd1c6134b92a4d15c3fee5803abc70fdabdcb683ea0b"
  name = "github.com/grpc-ecosystem/go-grpc-middleware"
  packages = [
    ".",
    "tags",
  ]
  pruneopts = "UT"
  revision = "c250d6563d4d4c20252cd865923440e829844f4e"
  version = "v1.0.0"

[[projects]]
  branch = "master"
  digest = "1:e3ddd1f59d3c84917c99ecb1c3420aa6899f6df7495ba9414c13732b2e9568dd"
  name = "github.com/gxed/hashland"
  packages = ["keccakpg"]
  pruneopts = "UT"
  revision = "d9f6b97f8db22dd1e090fd0bbbe98f09cc7dd0a8"

[[projects]]
  digest = "1:9999472bf9c934426d967c507d61f2de84affb8318b8d8c8bc38b3486edbd826"
  name = "github.com/ipfs/go-cid"
  packages = ["."]
  pruneopts = "UT"
  revision = "6e296c5c49ad84dc6a44af69fa1fe4e1245cd0cf"
  version = "v0.9.0"

[[projects]]
  digest = "1:35755bdc0c3264b46b2d4451a40ba0ce60c03608d390c9a1a4d3b54b82ac9bd4"
  name = "github.com/ipfs/go-datastore"
  packages = [
    ".",
    "query",
  ]
  pruneopts = "UT"
  revision = "5accf38b689df4e06a973bb70cc678f798d691c0"
  version = "v3.2.0"

[[projects]]
  digest = "1:58ecb6a43abe64b279860e389fecedafe3a2483d562066b6cd0021c2cf66d7c0"
  name = "github.com/ipfs/go-ds-badger"
  packages = ["."]
  pruneopts = "UT"
  revision = "a7965b08c06faf12cae93f20913c1237dce1b5cc"
  version = "v1.7.0"

[[projects]]
  branch = "master"
  digest = "1:d4f705e1c80842d93039d360b5f240099c2c9f835daa8d32dc3e899fbd8ff2b4"
  name = "github.com/jbenet/goprocess"
  packages = ["."]
  pruneopts = "UT"
  revision = "b497e2f366b8624394fb2e89c10ab607bebdde0b"

[[projects]]
  branch = "master"
  digest = "1:8786c31474f1c8373fbe391bc4f3c7e84972769061fb2c6ff62db5f0db7a9c89"
  name = "github.com/ledongthuc/pdf"
  packages = ["."]
  pruneopts = "UT"
  revision = "c92ee462a9fc3c928c7ef8372b42400da65096e5"

[[projects]]
  branch = "master"
  digest = "1:130cefe87d7eeefc824978dcb78e35672d4c49a11f25c153fbf0cfd952756fa3"
  name = "github.com/minio/blake2b-simd"
  packages = ["."]
  pruneopts = "UT"
  revision = "3f5f724cb5b182a5c278d6d3d55b40e7f8c2efb4"

[[projects]]
  branch = "master"
  digest = "1:445210ef1e723060b3ebeb691648b5090f154992ee35f7065b70a6a5a96a3bb8"
  name = "github.com/minio/sha256-simd"
  packages = ["."]
  pruneopts = "UT"
  revision = "51976451ce1942acbb55707a983ed232fa027110"

[[projects]]
  digest = "1:cf5b7fbff2c87cff6c0e11f87b30edc21abc6592e6a76f41003ca6d5a712cf48"
  name = "github.com/mr-tron/base58"
  packages = ["base58"]
  pruneopts = "UT"
  revision = "d724c80ecac7b49e4e562d58b2b4f4ee4ed8c312"
  version = "v1.0.0"

[[projects]]
  digest = "1:28e83f2abf3e3c83b9ad533a4295bdff102f94868b06d5f7bfe71c5477d81c8f"
  name = "github.com/multiformats/go-multibase"
  packages = ["."]
  pruneopts = "UT"
  revision = "bb91b53e5695e699a86654d77d03db7bc7506d12"
  version = "v0.3.0"

[[projects]]
  digest = "1:c0ea71365e7d0e63a2e8f48e6fc2ba92f2f2b739bbeb3cdabdcd719037e175c2"
  name = "github.com/multiformats/go-multihash"
  packages = ["."]
  pruneopts = "UT"
  revision = "8be2a682ab9f254311de1375145a2f78a809b07d"
  version = "v1.0.8"

[[projects]]
  digest = "1:40e195917a951a8bf867cd05de2a46aaf1806c50cf92eebf4c16f78cd196f747"
  name = "github.com/pkg/errors"
  packages = ["."]
  pruneopts = "UT"
  revision = "645ef00459ed84a119197bfb8d8205042c6df63d"
  version = "v0.8.0"

[[projects]]
  digest = "1:919bb3aa6d9d0b67648c219fa4925312bc3c2872da19e818fa769e9c97a2b643"
  name = "github.com/spaolacci/murmur3"
  packages = ["."]
  pruneopts = "UT"
  revision = "9f5d223c60793748f04a9d5b4b4eacddfc1f755d"
  version = "v1.1"

[[projects]]
  digest = "1:3e5ca727d3db1a37023cdad84c1b33847f291fb0ce1caaa31e8212d6f62a1c75"
  name = "github.com/tensorflow/tensorflow"
  packages = [
    "tensorflow/go",
    "tensorflow/go/op",
  ]
  pruneopts = "UT"
  revision = "c19e29306ce1777456b2dbb3a14f511edf7883a8"
  version = "v1.11.0"

[[projects]]
  branch = "master"
  digest = "1:98fa13beefbf581ec173561adad6374c460631593b4bdcf03adc29cd18e5d2f5"
  name = "github.com/whyrusleeping/base32"
  packages = ["."]
  pruneopts = "UT"
  revision = "c30ac30633ccdabefe87eb12465113f06f1bab75"

[[projects]]
  branch = "master"
  digest = "1:4fd99b0bebac1d2165b2bc24c5247c25f441d27c0591a87d2718975a03359e6a"
  name = "golang.org/x/crypto"
  packages = [
    "blake2s",
    "sha3",
  ]
  pruneopts = "UT"
  revision = "0c41d7ab0a0ee717d4590a44bcb987dfd9e183eb"

[[projects]]
  branch = "master"
  digest = "1:505dbee0833715a72a529bb57c354826ad42a4496fad787fa143699b4de1a6d0"
  name = "golang.org/x/net"
  packages = [
    "context",
    "http/httpguts",
    "http2",
    "http2/hpack",
    "idna",
    "internal/timeseries",
    "trace",
  ]
  pruneopts = "UT"
  revision = "04a2e542c03f1d053ab3e4d6e5abcd4b66e2be8e"

[[projects]]
  branch = "master"
  digest = "1:e65f81b7d400b57807c8dd9274caf9ff9d68ce7fe45a5058192edf40d4d95822"
  name = "golang.org/x/sys"
  packages = [
    "cpu",
    "unix",
  ]
  pruneopts = "UT"
  revision = "fa43e7bc11baaae89f3f902b2b4d832b68234844"

[[projects]]
  digest = "1:a2ab62866c75542dd18d2b069fec854577a20211d7c0ea6ae746072a1dccdd18"
  name = "golang.org/x/text"
  packages = [
    "collate",
    "collate/build",
    "internal/colltab",
    "internal/gen",
    "internal/tag",
    "internal/triegen",
    "internal/ucd",
    "language",
    "secure/bidirule",
    "transform",
    "unicode/bidi",
    "unicode/cldr",
    "unicode/norm",
    "unicode/rangetable",
  ]
  pruneopts = "UT"
  revision = "f21a4dfb5e38f5895301dc265a8def02365cc3d0"
  version = "v0.3.0"

[[projects]]
  branch = "master"
  digest = "1:56b0bca90b7e5d1facf5fbdacba23e4e0ce069d25381b8e2f70ef1e7ebfb9c1a"
  name = "google.golang.org/genproto"
  packages = ["googleapis/rpc/status"]
  pruneopts = "UT"
  revision = "94acd270e44e65579b9ee3cdab25034d33fed608"

[[projects]]
  digest = "1:ab8e92d746fb5c4c18846b0879842ac8e53b3d352449423d0924a11f1020ae1b"
  name = "google.golang.org/grpc"
  packages = [
    ".",
    "balancer",
    "balancer/base",
    "balancer/roundrobin",
    "codes",
    "connectivity",
    "credentials",
    "encoding",
    "encoding/proto",
    "grpclog",
    "internal",
    "internal/backoff",
    "internal/channelz",
    "internal/envconfig",
    "internal/grpcrand",
    "internal/transport",
    "keepalive",
    "metadata",
    "naming",
    "peer",
    "resolver",
    "resolver/dns",
    "resolver/passthrough",
    "stats",
    "status",
    "tap",
  ]
  pruneopts = "UT"
  revision = "8dea3dc473e90c8179e519d91302d0597c0ca1d1"
  version = "v1.15.0"

[solve-meta]
  analyzer-name = "dep"
  analyzer-version = 1
  input-imports = [
    "github.com/DavidBelicza/TextRank",
    "github.com/DavidBelicza/TextRank/convert",
    "github.com/DavidBelicza/TextRank/parse",
    "github.com/DavidBelicza/TextRank/rank",
    "github.com/RTradeLtd/cmd",
    "github.com/RTradeLtd/config",
    "github.com/RTradeLtd/grpc/lens",
    "github.com/RTradeLtd/grpc/lens/request",
    "github.com/RTradeLtd/grpc/lens/response",
    "github.com/RTradeLtd/grpc/middleware",
    "github.com/gofrs/uuid",
    "github.com/golang/protobuf/proto",
    "github.com/grpc-ecosystem/go-grpc-middleware",
    "github.com/grpc-ecosystem/go-grpc-middleware/tags",
    "github.com/ipfs/go-cid",
    "github.com/ipfs/go-datastore",
    "github.com/ipfs/go-ds-badger",
    "github.com/ledongthuc/pdf",
    "github.com/tensorflow/tensorflow/tensorflow/go",
    "github.com/tensorflow/tensorflow/tensorflow/go/op",
    "golang.org/x/net/context",
    "google.golang.org/grpc",
    "google.golang.org/grpc/credentials",
  ]
  solver-name = "gps-cdcl"
  solver-version = 1
