# This file is autogenerated, do not edit; changes may be undone by the next 'dep ensure'.


[[projects]]
  branch = "master"
  digest = "1:b02e5e3f836f077a3249d1dfe3c57d305e007f71a98f2e69c170a2dd8d2b266c"
  name = "github.com/AndreasBriese/bbloom"
  packages = ["."]
  pruneopts = "T"
  revision = "343706a395b76e5ca5c7dca46a5d937b48febc74"

[[projects]]
  digest = "1:33a7bacf8dd1ddffb774bf44e28d804caa568f3eec9cfacfbefaf45d34c2adaf"
  name = "github.com/DavidBelicza/TextRank"
  packages = [
    ".",
    "convert",
    "parse",
    "rank",
  ]
  pruneopts = "T"
  revision = "79e14bab980af3a1c9f4f5b73672ae1ef18ab732"
  version = "v2.1.1"

[[projects]]
  branch = "master"
  digest = "1:4a7be34ac4d3c56c039ece7d674236bde2d95f6adc93262cbb21d5b758566b15"
  name = "github.com/Kubuxu/go-os-helper"
  packages = ["."]
  pruneopts = "T"
  revision = "3d3fc2fb493d8d889dddd5a4524283ac2faa4732"

[[projects]]
  digest = "1:f0ddcc93863663609316065cd0bf866691ea6c1872ec6ea45935ce64825df0b7"
  name = "github.com/RTradeLtd/cmd"
  packages = ["."]
  pruneopts = "T"
  revision = "19cbd2e20bc29339ac4e27a8c4b8eb3e3592536c"
  version = "v1.0.4"

[[projects]]
  branch = "master"
  digest = "1:6745d03b8fe80de8662ec3f838a28731cf3b7ed85cc6959c1f765bab711c322d"
  name = "github.com/RTradeLtd/config"
  packages = ["."]
  pruneopts = "T"
  revision = "8a4af7437b526a027348bdbc2530f93bf5efd424"

[[projects]]
  digest = "1:a05f942064ec8f597114935de279d334456cb5540a3aec871c51351b09ee4cdc"
  name = "github.com/RTradeLtd/crypto"
  packages = ["."]
  pruneopts = "T"
  revision = "599e51d81bcca545e2d53099ba0a558d149ebff5"
  version = "v2.0.0"

[[projects]]
  branch = "master"
  digest = "1:13077d94af7390c15eb9b9e85155e66236fde32a9ce82cea459606eb8a22545f"
  name = "github.com/RTradeLtd/entropy-mnemonics"
  packages = ["."]
  pruneopts = "T"
  revision = "7b01a644a63680b90de22bacfb11d832e944eaab"

[[projects]]
  branch = "master"
  digest = "1:1c1f7c96743d46235489456b056f7d66787feb9d5733a73cc1b93eb7a2717560"
  name = "github.com/RTradeLtd/go-ipfs-api"
  packages = [
    ".",
    "options",
  ]
  pruneopts = "T"
  revision = "211c01748c9ec9d7ab966f6694bbd2ef382fed55"

[[projects]]
  branch = "master"
  digest = "1:c312e580247b720e83bab975134bd1bda538ea1109b278582f9b3a5d0af6b9a9"
  name = "github.com/RTradeLtd/grpc"
  packages = [
    "lensv2",
    "middleware",
  ]
  pruneopts = "T"
  revision = "62cf828c98c1faeee4f4248f4e0af754168d03ee"

[[projects]]
  branch = "master"
  digest = "1:f4dd2213c404b8e6b7ee6d4fe1679f1df75d9d470e07045608ac3dabdb2305e5"
  name = "github.com/RTradeLtd/rtfs"
  packages = [
    ".",
    "krab",
  ]
  pruneopts = "T"
  revision = "616e741a37e440d760448331b8fc93fb87498a19"

[[projects]]
  digest = "1:a23a80686a28fc036588378c5c55c8c2a9a6c77493f4dd163d0c59100184348e"
  name = "github.com/RoaringBitmap/roaring"
  packages = ["."]
  pruneopts = "T"
  revision = "3d677d3262197ee558b85029301eb69b8239f91a"
  version = "v0.4.16"

[[projects]]
  branch = "master"
  digest = "1:0ebf879ca8a625343f76e09f76f572c3c3cb4a3f76b96e013e709a8b63bb91d9"
  name = "github.com/blevesearch/bleve"
  packages = [
    ".",
    "analysis",
    "analysis/analyzer/standard",
    "analysis/datetime/flexible",
    "analysis/datetime/optional",
    "analysis/lang/en",
    "analysis/token/lowercase",
    "analysis/token/porter",
    "analysis/token/stop",
    "analysis/tokenizer/unicode",
    "document",
    "geo",
    "index",
    "index/scorch",
    "index/scorch/mergeplan",
    "index/scorch/segment",
    "index/scorch/segment/zap",
    "index/store",
    "index/store/boltdb",
    "index/store/gtreap",
    "index/upsidedown",
    "mapping",
    "numeric",
    "registry",
    "search",
    "search/collector",
    "search/facet",
    "search/highlight",
    "search/highlight/format/html",
    "search/highlight/fragmenter/simple",
    "search/highlight/highlighter/html",
    "search/highlight/highlighter/simple",
    "search/query",
    "search/scorer",
    "search/searcher",
    "size",
  ]
  pruneopts = "T"
  revision = "cb59b33c8bb0e24675ce5f079307e67e11a0f72c"

[[projects]]
  digest = "1:c7ca2c9ba8df8413dc4a42524d6051a52b2a1eaf2c57abbf72f70b3aec832425"
  name = "github.com/blevesearch/go-porterstemmer"
  packages = ["."]
  pruneopts = "T"
  revision = "b4dd94e38f29620fe0f97ae4b0f6994b0d5d75f0"
  version = "v1.0.1"

[[projects]]
  branch = "master"
  digest = "1:613a4388d74c8db3b4d8d8e7414d1e460b6858c5c0da0fc8a0ba763bedb712d6"
  name = "github.com/blevesearch/segment"
  packages = ["."]
  pruneopts = "T"
  revision = "762005e7a34fd909a84586299f1dd457371d36ee"

[[projects]]
  branch = "master"
  digest = "1:1ff5b6e24188c3c4f0ef22bac7a1e7654e4a2f1be9ba7514e72ffdb2db5aacc6"
  name = "github.com/btcsuite/btcd"
  packages = ["btcec"]
  pruneopts = "T"
  revision = "306aecffea325e97f513b3ff0cf7895a5310651d"

[[projects]]
  branch = "master"
  digest = "1:60ab45e9b71e606204996623a7922be9ab44b7cc0085f4d7763d84745d63f579"
  name = "github.com/couchbase/vellum"
  packages = [
    ".",
    "levenshtein2",
    "regexp",
    "utf8",
  ]
  pruneopts = "T"
  revision = "e91b68ff3efe3cc11723aa25dd315cbc9276cd65"

[[projects]]
  digest = "1:20a16d6175651a477f09d4414eddad305fb01142112627a35d66cf4a496e3f0a"
  name = "github.com/dgraph-io/badger"
  packages = [
    ".",
    "options",
    "protos",
    "skl",
    "table",
    "y",
  ]
  pruneopts = "T"
  revision = "99233d725dbdd26d156c61b2f42ae1671b794656"
  version = "v1.5.4"

[[projects]]
  branch = "master"
  digest = "1:ea678afd6431e09f84a56fc6915ccab9189ddd1379fed997e1433ead9586c50b"
  name = "github.com/dgryski/go-farm"
  packages = ["."]
  pruneopts = "T"
  revision = "3adb47b1fb0f6d9efcc5051a6c62e2e413ac85a9"

[[projects]]
  digest = "1:edb569dd02419a41ddd98768cc0e7aec922ef19dae139731e5ca750afcf6f4c5"
  name = "github.com/edsrzf/mmap-go"
  packages = ["."]
  pruneopts = "T"
  revision = "188cc3b666ba704534fa4f96e9e61f21f1e1ba7c"
  version = "v1.0.0"

[[projects]]
  digest = "1:f1ed0a202ccf4cdd857f925ae5ed45ee8206a888c8dcd235c504a5c13abdf3b6"
  name = "github.com/etcd-io/bbolt"
  packages = ["."]
  pruneopts = "T"
  revision = "63597a96ec0ad9e6d43c3fc81e809909e0237461"
  version = "v1.3.2"

[[projects]]
  branch = "master"
  digest = "1:5f0215ce26aee24eea4fa3230cacc7b5ae0c660cf1872c98c45b8e6f31b7fb21"
  name = "github.com/glycerine/go-unsnap-stream"
  packages = ["."]
  pruneopts = "T"
  revision = "f9677308dec2b35e76737f9713df328ad11b1fea"

[[projects]]
  digest = "1:c6e109ed32d266dea072dd6d00e3ee26fb960f86ed0ba7f6a07e5d2bfdeab868"
  name = "github.com/gogo/protobuf"
  packages = ["proto"]
  pruneopts = "T"
  revision = "ba06b47c162d49f2af050fb4c75bcbc86a159d5c"
  version = "v1.2.1"

[[projects]]
  digest = "1:a2ecb56e5053d942aafc86738915fb94c9131bac848c543b8b6764365fd69080"
  name = "github.com/golang/protobuf"
  packages = [
    "jsonpb",
    "proto",
    "ptypes",
    "ptypes/any",
    "ptypes/duration",
    "ptypes/struct",
    "ptypes/timestamp",
  ]
  pruneopts = "T"
  revision = "aa810b61a9c79d51363740d207bb46cf8e620ed5"
  version = "v1.2.0"

[[projects]]
  digest = "1:f37c069fadbaa889f79aea9cd463d225000a0d26f1e7423f14c0cd58fbc5c597"
  name = "github.com/golang/snappy"
  packages = ["."]
  pruneopts = "T"
  revision = "2a8bb927dd31d8daada140a5d09578521ce5c36a"
  version = "v0.0.1"

[[projects]]
  digest = "1:236d7e1bdb50d8f68559af37dbcf9d142d56b431c9b2176d41e2a009b664cda8"
  name = "github.com/google/uuid"
  packages = ["."]
  pruneopts = "T"
  revision = "9b3b1e0f5f99ae461456d768e7d301a7acdaa2d8"
  version = "v1.1.0"

[[projects]]
  digest = "1:462966563db35f9fae6bacf677b75f7c8088220f97fa3f5d1d092918cd164c86"
  name = "github.com/grpc-ecosystem/go-grpc-middleware"
  packages = [
    ".",
    "logging",
    "logging/zap",
    "logging/zap/ctxzap",
    "tags",
    "tags/zap",
  ]
  pruneopts = "T"
  revision = "c250d6563d4d4c20252cd865923440e829844f4e"
  version = "v1.0.0"

[[projects]]
  digest = "1:a0df06fe95141a259ff0765ee99c6ecf954b7565a7adcf7c34271e5f351bc64c"
  name = "github.com/gxed/hashland"
  packages = [
    "keccakpg",
    "murmur3",
  ]
  pruneopts = "T"
  revision = "a72cc0875a1e95edd309d3134bc7c11bf2d7360b"
  version = "v0.0.1"

[[projects]]
  digest = "1:397b4dcb60c44963c2bca119171feded9de9d0e2da9ca750f4308c5b2766a327"
  name = "github.com/ipfs/go-cid"
  packages = ["."]
  pruneopts = "T"
  revision = "6e296c5c49ad84dc6a44af69fa1fe4e1245cd0cf"
  version = "v0.9.0"

[[projects]]
  digest = "1:26099b64bcc08cc2fd1691ff476481b5c07391eee4e7611ed14290ad550e2eaf"
  name = "github.com/ipfs/go-datastore"
  packages = [
    ".",
    "query",
  ]
  pruneopts = "T"
  revision = "5accf38b689df4e06a973bb70cc678f798d691c0"
  version = "v3.2.0"

[[projects]]
  digest = "1:6e77a08ab400e77b214e41c44f994435785086908511d407c378bdab6e3582c0"
  name = "github.com/ipfs/go-ds-badger"
  packages = ["."]
  pruneopts = "T"
  revision = "a7965b08c06faf12cae93f20913c1237dce1b5cc"
  version = "v1.7.0"

[[projects]]
  branch = "master"
  digest = "1:3028688be1799e190ed78be2064874549b2e44e0d9187006b83a1a83e7d4faa8"
  name = "github.com/ipfs/go-ipfs-files"
  packages = ["."]
  pruneopts = "T"
  revision = "b9ab5987284914bf7c73b9c450b2ae6777051a3d"

[[projects]]
  branch = "master"
  digest = "1:edb7b52b3dcee58bdbad9279401c15dc7b5327b98eb78dcb9699cd15abdfae23"
  name = "github.com/jbenet/goprocess"
  packages = ["."]
  pruneopts = "T"
  revision = "b497e2f366b8624394fb2e89c10ab607bebdde0b"

[[projects]]
  digest = "1:aaba441fbe714121cd5e6435b5168986ce454e01f4f5fe33686f160d73d47966"
  name = "github.com/libp2p/go-flow-metrics"
  packages = ["."]
  pruneopts = "T"
  revision = "cc546389dcf06b4bcbf6b8594069588e5c8a1451"
  version = "v0.2.0"

[[projects]]
  digest = "1:ad3c54f1d7d93a738201e0b68f305f05f7f4250c685d2ff69f1fdade4d34d83e"
  name = "github.com/libp2p/go-libp2p-crypto"
  packages = [
    ".",
    "pb",
  ]
  pruneopts = "T"
  revision = "a3075f70fa87dfd2b8dae2c80c6908bb3aa1bc77"
  version = "v2.0.5"

[[projects]]
  digest = "1:095f807475906b312f2551ced5c8886ead19212fe7d2f6144a8dba8de7b903d5"
  name = "github.com/libp2p/go-libp2p-metrics"
  packages = ["."]
  pruneopts = "T"
  revision = "20c0e3fed14ddf84ac8192038accfd393610ed82"
  version = "v2.1.7"

[[projects]]
  digest = "1:6f97b382ebc77d0e966ca929b9288ee1aaed0e0800ae856134c37c63b3edb732"
  name = "github.com/libp2p/go-libp2p-peer"
  packages = ["."]
  pruneopts = "T"
  revision = "dd9b45c0649b38aebe65f98cb460676b4214a42c"
  version = "v2.4.0"

[[projects]]
  digest = "1:c97b8485f3fb900f153fe0bbb88bb7f5536d59d7080c1a553707410df5579c00"
  name = "github.com/libp2p/go-libp2p-protocol"
  packages = ["."]
  pruneopts = "T"
  revision = "e34f0d7468b3519bf9bf4e43c1d028ce651eab51"
  version = "v1.0.0"

[[projects]]
  digest = "1:772690088d7de2547fc7595afc1bf873ef77d808e467898ad22144b5c93d949f"
  name = "github.com/libp2p/go-libp2p-pubsub"
  packages = ["pb"]
  pruneopts = "T"
  revision = "f736644fe805a9f5677c82aca25c82da7cde2c76"
  version = "v0.11.10"

[[projects]]
  branch = "master"
  digest = "1:130cefe87d7eeefc824978dcb78e35672d4c49a11f25c153fbf0cfd952756fa3"
  name = "github.com/minio/blake2b-simd"
  packages = ["."]
  pruneopts = "T"
  revision = "3f5f724cb5b182a5c278d6d3d55b40e7f8c2efb4"

[[projects]]
  branch = "master"
  digest = "1:eea9588ebf4cf89c7da8360e8d19627b74b78eec74df6df9e0c5defcee4f3617"
  name = "github.com/minio/sha256-simd"
  packages = ["."]
  pruneopts = "T"
  revision = "2d45a736cd16732fe6a57563cc20d8b035193e58"

[[projects]]
  digest = "1:5d231480e1c64a726869bc4142d270184c419749d34f167646baa21008eb0a79"
  name = "github.com/mitchellh/go-homedir"
  packages = ["."]
  pruneopts = "T"
  revision = "af06845cf3004701891bf4fdb884bfe4920b3727"
  version = "v1.1.0"

[[projects]]
  digest = "1:07c8d9601e95a4f8c2ff7c697db1974bf74abde8a0a0f09f736f53d9bc88095c"
  name = "github.com/mr-tron/base58"
  packages = ["base58"]
  pruneopts = "T"
  revision = "89529c6904fcd077434931b4eac8b4b2f0991baf"
  version = "v1.1.0"

[[projects]]
  branch = "master"
  digest = "1:bd67a5d4ce12e3651ee75cbf0cc7b6efabd134e8d632c0b2997b0a9888de966c"
  name = "github.com/mschoch/smat"
  packages = ["."]
  pruneopts = "T"
  revision = "90eadee771aeab36e8bf796039b8c261bebebe4f"

[[projects]]
  digest = "1:52d339b280567731d999ff9b56fc5b9ae731942dafa5567fe75fbe03269cc872"
  name = "github.com/multiformats/go-multiaddr"
  packages = ["."]
  pruneopts = "T"
  revision = "8c3eb5dc1c12c5723d5b1d7de82abfa0e6f719d7"
  version = "v1.4.0"

[[projects]]
  digest = "1:2041246d92d2d0814222a9f7fb06d5aa55d321099dc1fbb6a01db2a1c36ecaa9"
  name = "github.com/multiformats/go-multiaddr-dns"
  packages = ["."]
  pruneopts = "T"
  revision = "317a9bc842d426da4d878690625babb26d64e73b"
  version = "v0.2.5"

[[projects]]
  digest = "1:c89333ee90ec219a53d9ba3b088d6fcfdd647ec91e6d7b2cf34fdefc2f255068"
  name = "github.com/multiformats/go-multiaddr-net"
  packages = ["."]
  pruneopts = "T"
  revision = "c75d1cac17a0d84dbf8b2c53c61f0ebf0575183a"
  version = "v1.7.1"

[[projects]]
  digest = "1:94cacebc9de0a661fae3007077a7dbbeef91570080b5c122255086cdd8e87c9a"
  name = "github.com/multiformats/go-multibase"
  packages = ["."]
  pruneopts = "T"
  revision = "bb91b53e5695e699a86654d77d03db7bc7506d12"
  version = "v0.3.0"

[[projects]]
  digest = "1:bab28b484da7ca8aac39f8dd96bcd8eff99926014f4de1a37b108856c2b0128c"
  name = "github.com/multiformats/go-multihash"
  packages = ["."]
  pruneopts = "T"
  revision = "6b439b7c6e3c44c112171540500be697ba235235"
  version = "v1.0.10"

[[projects]]
  digest = "1:58bdfbd6ab9df048fb8cf61e612286cd0b5bfcfab9c6c17ea96d1cd6215aa441"
  name = "github.com/otiai10/gosseract"
  packages = ["."]
  pruneopts = "T"
  revision = "5bb1d6fc20fa3fafb3236d6c93c393369e4b38d9"
  version = "v2.2.1"

[[projects]]
  digest = "1:5e73b34a27d827212102605789de00bd411b2e434812133c83935fe9897c75e1"
  name = "github.com/philhofer/fwd"
  packages = ["."]
  pruneopts = "T"
  revision = "bb6d471dc95d4fe11e432687f8b70ff496cf3136"
  version = "v1.0.0"

[[projects]]
  digest = "1:cf31692c14422fa27c83a05292eb5cbe0fb2775972e8f1f8446a71549bd8980b"
  name = "github.com/pkg/errors"
  packages = ["."]
  pruneopts = "T"
  revision = "ba968bfe8b2f7e042a574c888954fccecfa385b4"
  version = "v0.8.1"

[[projects]]
  branch = "master"
  digest = "1:970bd01f655c6e4cf6d335aadded53eca531d3d856f7de61eebe6fc253552b49"
  name = "github.com/steveyen/gtreap"
  packages = ["."]
  pruneopts = "T"
  revision = "0abe01ef9be25c4aedc174758ec2d917314d6d70"

[[projects]]
  branch = "r1.12"
  digest = "1:adb2799ce7d16b038ed9ef36f233fefe9c8b5952c0a9f106e61c26cce8d6db17"
  name = "github.com/tensorflow/tensorflow"
  packages = [
    "tensorflow/go",
    "tensorflow/go/op",
  ]
  pruneopts = "T"
  revision = "a6d8ffae097d0132989ae4688d224121ec6d8f35"

[[projects]]
  digest = "1:4b8aca632b0cbe5c0d66319f925fa3905b1667e2555f1d641379bc0d9f5be67c"
  name = "github.com/tinylib/msgp"
  packages = ["msgp"]
  pruneopts = "T"
  revision = "af6442a0fcf6e2a1b824f70dd0c734f01e817751"
  version = "v1.1.0"

[[projects]]
  branch = "master"
  digest = "1:20269b7954bd3e55dfbe6a5f38fd7b78f4dc61dec8a3ff1b665d0d89f3e79399"
  name = "github.com/whyrusleeping/base32"
  packages = ["."]
  pruneopts = "T"
  revision = "c30ac30633ccdabefe87eb12465113f06f1bab75"

[[projects]]
  branch = "master"
  digest = "1:f551314f84b666679ce82d4f2b940058123409bf72636f2e034d1a8b7d6b8e66"
  name = "github.com/whyrusleeping/tar-utils"
  packages = ["."]
  pruneopts = "T"
  revision = "8c6c8ba81d5c71fd69c0f48dbde4b2fb422b6dfc"

[[projects]]
  digest = "1:85ddc8a0e53c1ebe8ba228f2303fb156feffd8f2b4bead4d1d0af9c293c6054f"
  name = "github.com/willf/bitset"
  packages = ["."]
  pruneopts = "T"
  revision = "20ad246f50b49590afcb1ed8ad143da7163869cb"
  version = "v1.1.10"

[[projects]]
  digest = "1:365b8ecb35a5faf5aa0ee8d798548fc9cd4200cb95d77a5b0b285ac881bae499"
  name = "go.uber.org/atomic"
  packages = ["."]
  pruneopts = "T"
  revision = "1ea20fb1cbb1cc08cbd0d913a96dead89aa18289"
  version = "v1.3.2"

[[projects]]
  digest = "1:8da5d356e645cc806b953f35966e9185e9f3817c6cee54f9b33ca602544ee434"
  name = "go.uber.org/multierr"
  packages = ["."]
  pruneopts = "T"
  revision = "3c4937480c32f4c13a875a1829af76c98ca3d40a"
  version = "v1.1.0"

[[projects]]
  digest = "1:c57d4b95825e74f8eb3b0c851d04aac3626a602de613f8702c0de41de26856b6"
  name = "go.uber.org/zap"
  packages = [
    ".",
    "buffer",
    "internal/bufferpool",
    "internal/color",
    "internal/exit",
    "internal/ztest",
    "zapcore",
    "zaptest",
    "zaptest/observer",
  ]
  pruneopts = "T"
  revision = "ff33455a0e382e8a81d14dd7c922020b6b5e7982"
  version = "v1.9.1"

[[projects]]
  branch = "master"
  digest = "1:bff6381545e2521dbbaa54e115fee0afb1cd2912e71cb4ca79ace0672c032d8b"
  name = "golang.org/x/crypto"
  packages = [
    "blake2s",
    "ed25519",
    "ed25519/internal/edwards25519",
    "pbkdf2",
    "sha3",
  ]
  pruneopts = "T"
  revision = "ffb98f73852f696ea2bb21a617a5c4b3e067a439"

[[projects]]
  branch = "master"
  digest = "1:0db0b6c7b274d9dabc601ad561684eb9920c227935a50bae55299671120c089e"
  name = "golang.org/x/net"
  packages = [
    "context",
    "http/httpguts",
    "http2",
    "http2/hpack",
    "idna",
    "internal/timeseries",
    "trace",
  ]
  pruneopts = "T"
  revision = "3a22650c66bd7f4fb6d1e8072ffd7b75c8a27898"

[[projects]]
  branch = "master"
  digest = "1:0e2d0a79d5d135022a0733fa902d8c338871a5112035acd34774f62412b92573"
  name = "golang.org/x/sys"
  packages = [
    "cpu",
    "unix",
    "windows",
  ]
  pruneopts = "T"
  revision = "cd391775e71e684db52b63df9affd58269495083"

[[projects]]
  digest = "1:6164911cb5e94e8d8d5131d646613ff82c14f5a8ce869de2f6d80d9889df8c5a"
  name = "golang.org/x/text"
  packages = [
    "collate",
    "collate/build",
    "internal/colltab",
    "internal/gen",
    "internal/tag",
    "internal/triegen",
    "internal/ucd",
    "language",
    "secure/bidirule",
    "transform",
    "unicode/bidi",
    "unicode/cldr",
    "unicode/norm",
    "unicode/rangetable",
  ]
  pruneopts = "T"
  revision = "f21a4dfb5e38f5895301dc265a8def02365cc3d0"
  version = "v0.3.0"

[[projects]]
  branch = "master"
  digest = "1:58cab6380ee63ac4d983ff73b8f6aab7ab6d0cf8dc82550641017fb8e6a0940e"
  name = "google.golang.org/genproto"
  packages = ["googleapis/rpc/status"]
  pruneopts = "T"
  revision = "082222b4a5c572e33e82ee9162d1352c7cf38682"

[[projects]]
  digest = "1:adec72b8770ba7ad04c7a5a8ef8c6cc13a766bd11f900b60f360303b4f56e0b1"
  name = "google.golang.org/grpc"
  packages = [
    ".",
    "balancer",
    "balancer/base",
    "balancer/roundrobin",
    "binarylog/grpc_binarylog_v1",
    "codes",
    "connectivity",
    "credentials",
    "credentials/internal",
    "encoding",
    "encoding/proto",
    "grpclog",
    "internal",
    "internal/backoff",
    "internal/binarylog",
    "internal/channelz",
    "internal/envconfig",
    "internal/grpcrand",
    "internal/grpcsync",
    "internal/syscall",
    "internal/transport",
    "keepalive",
    "metadata",
    "naming",
    "peer",
    "resolver",
    "resolver/dns",
    "resolver/passthrough",
    "stats",
    "status",
    "tap",
  ]
  pruneopts = "T"
  revision = "a02b0774206b209466313a0b525d2c738fe407eb"
  version = "v1.18.0"

[solve-meta]
  analyzer-name = "dep"
  analyzer-version = 1
  input-imports = [
    "github.com/DavidBelicza/TextRank",
    "github.com/DavidBelicza/TextRank/convert",
    "github.com/DavidBelicza/TextRank/parse",
    "github.com/DavidBelicza/TextRank/rank",
    "github.com/RTradeLtd/cmd",
    "github.com/RTradeLtd/config",
    "github.com/RTradeLtd/go-ipfs-api",
    "github.com/RTradeLtd/grpc/lensv2",
    "github.com/RTradeLtd/grpc/middleware",
    "github.com/RTradeLtd/rtfs",
    "github.com/blevesearch/bleve",
    "github.com/blevesearch/bleve/mapping",
    "github.com/blevesearch/bleve/search",
    "github.com/blevesearch/bleve/search/query",
    "github.com/grpc-ecosystem/go-grpc-middleware",
    "github.com/grpc-ecosystem/go-grpc-middleware/logging/zap",
    "github.com/grpc-ecosystem/go-grpc-middleware/tags",
    "github.com/ipfs/go-cid",
    "github.com/otiai10/gosseract",
    "github.com/tensorflow/tensorflow/tensorflow/go",
    "github.com/tensorflow/tensorflow/tensorflow/go/op",
    "go.uber.org/zap",
    "go.uber.org/zap/zapcore",
    "go.uber.org/zap/zaptest",
    "go.uber.org/zap/zaptest/observer",
    "google.golang.org/grpc",
    "google.golang.org/grpc/codes",
    "google.golang.org/grpc/credentials",
    "google.golang.org/grpc/status",
  ]
  solver-name = "gps-cdcl"
  solver-version = 1
