# This file is autogenerated, do not edit; changes may be undone by the next 'dep ensure'.


[[projects]]
  branch = "master"
  digest = "1:b02e5e3f836f077a3249d1dfe3c57d305e007f71a98f2e69c170a2dd8d2b266c"
  name = "github.com/AndreasBriese/bbloom"
  packages = ["."]
  pruneopts = "UT"
  revision = "343706a395b76e5ca5c7dca46a5d937b48febc74"

[[projects]]
  digest = "1:9f3b30d9f8e0d7040f729b82dcbc8f0dead820a133b3147ce355fc451f32d761"
  name = "github.com/BurntSushi/toml"
  packages = ["."]
  pruneopts = "UT"
  revision = "3012a1dbe2e4bd1391d42b32f0577cb7bbc7f005"
  version = "v0.3.1"

[[projects]]
  digest = "1:8b36a2a5ed2e66e577c35f9b0f770b4653977a025a59088ba4fd2fbbaa948382"
  name = "github.com/DavidBelicza/TextRank"
  packages = [
    ".",
    "convert",
    "parse",
    "rank",
  ]
  pruneopts = "UT"
  revision = "79e14bab980af3a1c9f4f5b73672ae1ef18ab732"
  version = "v2.1.1"

[[projects]]
  branch = "master"
  digest = "1:4a7be34ac4d3c56c039ece7d674236bde2d95f6adc93262cbb21d5b758566b15"
  name = "github.com/Kubuxu/go-os-helper"
  packages = ["."]
  pruneopts = "UT"
  revision = "3d3fc2fb493d8d889dddd5a4524283ac2faa4732"

[[projects]]
  digest = "1:f0ddcc93863663609316065cd0bf866691ea6c1872ec6ea45935ce64825df0b7"
  name = "github.com/RTradeLtd/cmd"
  packages = ["."]
  pruneopts = "UT"
  revision = "19cbd2e20bc29339ac4e27a8c4b8eb3e3592536c"
  version = "v1.0.4"

[[projects]]
  branch = "master"
  digest = "1:d914e7b89490aab7ff3dafd9e79f6b431328803f5e25b59428d62531fa6c2ec0"
  name = "github.com/RTradeLtd/config"
  packages = ["."]
  pruneopts = "UT"
  revision = "c973c5b0c01ab295f86502599286dbee04a6f1d4"

[[projects]]
  digest = "1:8859d83d94d112382fbdd97fc04c2ce196ea044f271ffe8e170826b25131a4f0"
  name = "github.com/RTradeLtd/crypto"
  packages = ["."]
  pruneopts = "UT"
  revision = "599e51d81bcca545e2d53099ba0a558d149ebff5"
  version = "v1.1.0"

[[projects]]
  branch = "master"
  digest = "1:13077d94af7390c15eb9b9e85155e66236fde32a9ce82cea459606eb8a22545f"
  name = "github.com/RTradeLtd/entropy-mnemonics"
  packages = ["."]
  pruneopts = "UT"
  revision = "7b01a644a63680b90de22bacfb11d832e944eaab"

[[projects]]
  digest = "1:6e31101b128ca459588d0bae24823d3c91f447117e19cdf9c00315df7b21d6ad"
  name = "github.com/RTradeLtd/go-ipfs-api"
  packages = [
    ".",
    "options",
  ]
  pruneopts = "UT"
  revision = "19b3234452631e9d9522719df433828f7cad30f9"
  version = "v2.0.8"

[[projects]]
  branch = "lens/v2"
  digest = "1:63a378cc5c494164099d775f41862d48e5d452a1a6defac3fc58f6d5d76374d7"
  name = "github.com/RTradeLtd/grpc"
  packages = [
    "lens",
    "lens/request",
    "lens/response",
    "lensv2",
    "middleware",
  ]
  pruneopts = "UT"
  revision = "66ac4d032bb0e8527f3da273f39d699954a1486b"

[[projects]]
  digest = "1:2f34f1ee4555a47b1ebca1feaf933d303e462710e48b22e1f98608d1efad4cf6"
  name = "github.com/RTradeLtd/rtfs"
  packages = [
    ".",
    "krab",
  ]
  pruneopts = "UT"
  revision = "6f454592ca05ae082c3fb8aaeefcc5a7570141bb"
  version = "v0.3.6"

[[projects]]
  digest = "1:e92f5581902c345eb4ceffdcd4a854fb8f73cf436d47d837d1ec98ef1fe0a214"
  name = "github.com/StackExchange/wmi"
  packages = ["."]
  pruneopts = "UT"
  revision = "5d049714c4a64225c3c79a7cf7d02f7fb5b96338"
  version = "1.0.0"

[[projects]]
  branch = "master"
  digest = "1:4cf11742b199ab3aacf26b00187e72f7ff8ba2145f363b74f295d54f098f79e4"
  name = "github.com/agl/ed25519"
  packages = [
    ".",
    "edwards25519",
    "extra25519",
  ]
  pruneopts = "UT"
  revision = "5312a61534124124185d41f09206b9fef1d88403"

[[projects]]
  branch = "master"
  digest = "1:093bf93a65962e8191e3e8cd8fc6c363f83d43caca9739c906531ba7210a9904"
  name = "github.com/btcsuite/btcd"
  packages = ["btcec"]
  pruneopts = "UT"
  revision = "ed77733ec07dfc8a513741138419b8d9d3de9d2d"

[[projects]]
  digest = "1:5f5090f05382959db941fa45acbeb7f4c5241aa8ac0f8f4393dec696e5953f53"
  name = "github.com/dgraph-io/badger"
  packages = [
    ".",
    "options",
    "protos",
    "skl",
    "table",
    "y",
  ]
  pruneopts = "UT"
  revision = "99233d725dbdd26d156c61b2f42ae1671b794656"
  version = "v1.5.4"

[[projects]]
  branch = "master"
  digest = "1:ea678afd6431e09f84a56fc6915ccab9189ddd1379fed997e1433ead9586c50b"
  name = "github.com/dgryski/go-farm"
  packages = ["."]
  pruneopts = "UT"
  revision = "3adb47b1fb0f6d9efcc5051a6c62e2e413ac85a9"

[[projects]]
  digest = "1:abeb38ade3f32a92943e5be54f55ed6d6e3b6602761d74b4aab4c9dd45c18abd"
  name = "github.com/fsnotify/fsnotify"
  packages = ["."]
  pruneopts = "UT"
  revision = "c2828203cd70a50dcccfb2761f8b1f8ceef9a8e9"
  version = "v1.4.7"

[[projects]]
  branch = "master"
  digest = "1:17d851ffd51d4f6e152146c3b9210120faf174f3121d9ceed48798fdbc2232bc"
  name = "github.com/go-ego/cedar"
  packages = ["."]
  pruneopts = "UT"
  revision = "632caacce2cd35aa0a0b2bdcfea791a6587c3277"

[[projects]]
  branch = "master"
  digest = "1:608941fae4311f2c68c68c17b198d1b0ed8327d847c4bd0bd7165cca8094cc3f"
  name = "github.com/go-ego/gpy"
  packages = ["."]
  pruneopts = "UT"
  revision = "b6d42325845ce33f68aa138cafc40fc1cec1acd8"

[[projects]]
  digest = "1:478c1e6e920c1c785ca8a464415903e32d65c67edb2692b5101280aaaee0da24"
  name = "github.com/go-ego/gse"
  packages = [
    ".",
    "hmm",
  ]
  pruneopts = "UT"
  revision = "cebd6447bff06942411150fe7e28a1e8a476adc3"
  version = "0.30.0"

[[projects]]
  branch = "master"
  digest = "1:2778a49f52f175ea2a1482103b2778b9199c3dc2f3dae004449278049ead8a02"
  name = "github.com/go-ego/murmur"
  packages = ["."]
  pruneopts = "UT"
  revision = "fac557227e045cbad6cf745e3555c28cdafe5991"

[[projects]]
  branch = "master"
  digest = "1:421225912da76d3221d58d5352dd05fda7b01e4516966306e93e2ad1b6da3d6a"
  name = "github.com/go-ego/riot"
  packages = [
    ".",
    "core",
    "store",
    "types",
    "utils",
  ]
  pruneopts = "UT"
  revision = "cd980ec39aee6d05e56644eb3f18ce58f86d6533"

[[projects]]
  digest = "1:c96d16a4451e48e2c44b2c3531fd8ec9248d822637f1911a88959ca0bcae4a64"
  name = "github.com/go-ole/go-ole"
  packages = [
    ".",
    "oleutil",
  ]
  pruneopts = "UT"
  revision = "39dc8486bd0952279431257138bc428275b86797"
  version = "v1.2.2"

[[projects]]
  branch = "master"
  digest = "1:952750e96ec489652182565cbfc940ff0b1e5d22d7cb61dce54625db798e6176"
  name = "github.com/go-vgo/gt"
  packages = [
    "conf",
    "info",
  ]
  pruneopts = "UT"
  revision = "fa0ab6068293bca71a5348a0a884fd68a1fbe67e"

[[projects]]
  digest = "1:bed9d72d596f94e65fff37f4d6c01398074a6bb1c3f3ceff963516bd01db6ff5"
  name = "github.com/gofrs/uuid"
  packages = ["."]
  pruneopts = "UT"
  revision = "6b08a5c5172ba18946672b49749cde22873dd7c2"
  version = "v3.2.0"

[[projects]]
  digest = "1:d059a146ab350e553c2687d3e17f198eb5b27c7cf55fe6ba0e2d21349df63388"
  name = "github.com/gogo/protobuf"
  packages = ["proto"]
  pruneopts = "UT"
  revision = "4cbf7e384e768b4e01799441fdf2a706a5635ae7"
  version = "v1.2.0"

[[projects]]
  digest = "1:9d6dc4d6de69b330d0de86494d6db90c09848c003d5db748f40c925f865c8534"
  name = "github.com/golang/protobuf"
  packages = [
    "jsonpb",
    "proto",
    "ptypes",
    "ptypes/any",
    "ptypes/duration",
    "ptypes/struct",
    "ptypes/timestamp",
  ]
  pruneopts = "UT"
  revision = "aa810b61a9c79d51363740d207bb46cf8e620ed5"
  version = "v1.2.0"

[[projects]]
  branch = "master"
  digest = "1:4a0c6bb4805508a6287675fac876be2ac1182539ca8a32468d8128882e9d5009"
  name = "github.com/golang/snappy"
  packages = ["."]
  pruneopts = "UT"
  revision = "2e65f85255dbc3072edf28d6b5b8efc472979f5a"

[[projects]]
  digest = "1:236d7e1bdb50d8f68559af37dbcf9d142d56b431c9b2176d41e2a009b664cda8"
  name = "github.com/google/uuid"
  packages = ["."]
  pruneopts = "UT"
  revision = "9b3b1e0f5f99ae461456d768e7d301a7acdaa2d8"
  version = "v1.1.0"

[[projects]]
  digest = "1:6d9ec638c0f60d01a25e43940f20dff30cf8b468371ea4df54cbc5b73e07e223"
  name = "github.com/grpc-ecosystem/go-grpc-middleware"
  packages = [
    ".",
    "logging",
    "logging/zap",
    "logging/zap/ctxzap",
    "tags",
    "tags/zap",
  ]
  pruneopts = "UT"
  revision = "c250d6563d4d4c20252cd865923440e829844f4e"
  version = "v1.0.0"

[[projects]]
  branch = "master"
  digest = "1:e3ddd1f59d3c84917c99ecb1c3420aa6899f6df7495ba9414c13732b2e9568dd"
  name = "github.com/gxed/hashland"
  packages = ["keccakpg"]
  pruneopts = "UT"
  revision = "d9f6b97f8db22dd1e090fd0bbbe98f09cc7dd0a8"

[[projects]]
  digest = "1:9999472bf9c934426d967c507d61f2de84affb8318b8d8c8bc38b3486edbd826"
  name = "github.com/ipfs/go-cid"
  packages = ["."]
  pruneopts = "UT"
  revision = "6e296c5c49ad84dc6a44af69fa1fe4e1245cd0cf"
  version = "v0.9.0"

[[projects]]
  digest = "1:35755bdc0c3264b46b2d4451a40ba0ce60c03608d390c9a1a4d3b54b82ac9bd4"
  name = "github.com/ipfs/go-datastore"
  packages = [
    ".",
    "query",
  ]
  pruneopts = "UT"
  revision = "5accf38b689df4e06a973bb70cc678f798d691c0"
  version = "v3.2.0"

[[projects]]
  digest = "1:58ecb6a43abe64b279860e389fecedafe3a2483d562066b6cd0021c2cf66d7c0"
  name = "github.com/ipfs/go-ds-badger"
  packages = ["."]
  pruneopts = "UT"
  revision = "a7965b08c06faf12cae93f20913c1237dce1b5cc"
  version = "v1.7.0"

[[projects]]
  branch = "master"
  digest = "1:9f355cab3caa2b4413f5b9638d313429b3d34513c0deb13ef41c22a075b48b25"
  name = "github.com/ipfs/go-ipfs-files"
  packages = ["."]
  pruneopts = "UT"
  revision = "267cdfe2e27a621acf3567cc072e5bf4ecf168ee"

[[projects]]
  branch = "master"
  digest = "1:d4f705e1c80842d93039d360b5f240099c2c9f835daa8d32dc3e899fbd8ff2b4"
  name = "github.com/jbenet/goprocess"
  packages = ["."]
  pruneopts = "UT"
  revision = "b497e2f366b8624394fb2e89c10ab607bebdde0b"

[[projects]]
  digest = "1:19f2d2506cc0f9a233c9c0753e8c3fd5afa88afb43ff7b795cbba3629d0e96b5"
  name = "github.com/libp2p/go-flow-metrics"
  packages = ["."]
  pruneopts = "UT"
  revision = "cc546389dcf06b4bcbf6b8594069588e5c8a1451"
  version = "v0.2.0"

[[projects]]
  digest = "1:4ff86c6d6dd8df23a58e6b6060fea5f150d1a502cdfe8a3e9efd5d25339196c6"
  name = "github.com/libp2p/go-libp2p-crypto"
  packages = [
    ".",
    "pb",
  ]
  pruneopts = "UT"
  revision = "274de1bb6c27780863df6b230c91324ab481dab2"
  version = "v2.0.1"

[[projects]]
  digest = "1:e01814b1390e3abc93ca170141d457fab1dcc0c532cdfdd269be58fb2cd6a9f4"
  name = "github.com/libp2p/go-libp2p-metrics"
  packages = ["."]
  pruneopts = "UT"
  revision = "20c0e3fed14ddf84ac8192038accfd393610ed82"
  version = "v2.1.7"

[[projects]]
  digest = "1:d59d3f32a53e3d1ef4f19f92c8f4cbccabfae6c965760577958b2fb937fede98"
  name = "github.com/libp2p/go-libp2p-peer"
  packages = ["."]
  pruneopts = "UT"
  revision = "dd9b45c0649b38aebe65f98cb460676b4214a42c"
  version = "v2.4.0"

[[projects]]
  digest = "1:99c29233479cb14a63c7cb6b49927a60ae9d6b4b36d74deb12cc45ce503ddeb5"
  name = "github.com/libp2p/go-libp2p-protocol"
  packages = ["."]
  pruneopts = "UT"
  revision = "e34f0d7468b3519bf9bf4e43c1d028ce651eab51"
  version = "v1.0.0"

[[projects]]
  digest = "1:0c84c529a410cea768ebeaf3ea70632f2d8df41662003204045ff1a32cd79cda"
  name = "github.com/libp2p/go-libp2p-pubsub"
  packages = ["pb"]
  pruneopts = "UT"
  revision = "f736644fe805a9f5677c82aca25c82da7cde2c76"
  version = "v0.11.10"

[[projects]]
  branch = "master"
  digest = "1:130cefe87d7eeefc824978dcb78e35672d4c49a11f25c153fbf0cfd952756fa3"
  name = "github.com/minio/blake2b-simd"
  packages = ["."]
  pruneopts = "UT"
  revision = "3f5f724cb5b182a5c278d6d3d55b40e7f8c2efb4"

[[projects]]
  branch = "master"
  digest = "1:eea9588ebf4cf89c7da8360e8d19627b74b78eec74df6df9e0c5defcee4f3617"
  name = "github.com/minio/sha256-simd"
  packages = ["."]
  pruneopts = "UT"
  revision = "2d45a736cd16732fe6a57563cc20d8b035193e58"

[[projects]]
  digest = "1:5d231480e1c64a726869bc4142d270184c419749d34f167646baa21008eb0a79"
  name = "github.com/mitchellh/go-homedir"
  packages = ["."]
  pruneopts = "UT"
  revision = "af06845cf3004701891bf4fdb884bfe4920b3727"
  version = "v1.1.0"

[[projects]]
  digest = "1:cf5b7fbff2c87cff6c0e11f87b30edc21abc6592e6a76f41003ca6d5a712cf48"
  name = "github.com/mr-tron/base58"
  packages = ["base58"]
  pruneopts = "UT"
  revision = "89529c6904fcd077434931b4eac8b4b2f0991baf"
  version = "v1.1.0"

[[projects]]
  digest = "1:9d6b6d261e5b37bfc62ec0d8e2b2efcff7174729713eeba9d2201990503a2801"
  name = "github.com/multiformats/go-multiaddr"
  packages = ["."]
  pruneopts = "UT"
  revision = "8c3eb5dc1c12c5723d5b1d7de82abfa0e6f719d7"
  version = "v1.4.0"

[[projects]]
  digest = "1:555234f024280947ee62e4e911f367fd8b1cad57490108076e2578ec7dde5075"
  name = "github.com/multiformats/go-multiaddr-dns"
  packages = ["."]
  pruneopts = "UT"
  revision = "317a9bc842d426da4d878690625babb26d64e73b"
  version = "v0.2.5"

[[projects]]
  digest = "1:1c4181064829e6ee76dcabc2d41f3ed825410027de1bc5a41681671144ff4add"
  name = "github.com/multiformats/go-multiaddr-net"
  packages = ["."]
  pruneopts = "UT"
  revision = "c75d1cac17a0d84dbf8b2c53c61f0ebf0575183a"
  version = "v1.7.1"

[[projects]]
  digest = "1:28e83f2abf3e3c83b9ad533a4295bdff102f94868b06d5f7bfe71c5477d81c8f"
  name = "github.com/multiformats/go-multibase"
  packages = ["."]
  pruneopts = "UT"
  revision = "bb91b53e5695e699a86654d77d03db7bc7506d12"
  version = "v0.3.0"

[[projects]]
  digest = "1:c0ea71365e7d0e63a2e8f48e6fc2ba92f2f2b739bbeb3cdabdcd719037e175c2"
  name = "github.com/multiformats/go-multihash"
  packages = ["."]
  pruneopts = "UT"
  revision = "8be2a682ab9f254311de1375145a2f78a809b07d"
  version = "v1.0.8"

[[projects]]
  digest = "1:f3b5bf575d84780832516c53d135b4917fe891ca67c472959578b7e09277e4b2"
  name = "github.com/otiai10/gosseract"
  packages = ["."]
  pruneopts = "UT"
  revision = "5bb1d6fc20fa3fafb3236d6c93c393369e4b38d9"
  version = "v2.2.1"

[[projects]]
  digest = "1:95741de3af260a92cc5c7f3f3061e85273f5a81b5db20d4bd68da74bd521675e"
  name = "github.com/pelletier/go-toml"
  packages = ["."]
  pruneopts = "UT"
  revision = "c01d1270ff3e442a8a57cddc1c92dc1138598194"
  version = "v1.2.0"

[[projects]]
  digest = "1:cf31692c14422fa27c83a05292eb5cbe0fb2775972e8f1f8446a71549bd8980b"
  name = "github.com/pkg/errors"
  packages = ["."]
  pruneopts = "UT"
  revision = "ba968bfe8b2f7e042a574c888954fccecfa385b4"
  version = "v0.8.1"

[[projects]]
  digest = "1:93c93626c76feac9d1908eb494d7b24e681ac2822d2a06c236f7a797b86bd6a5"
  name = "github.com/shirou/gopsutil"
  packages = [
    "cpu",
    "disk",
    "host",
    "internal/common",
    "mem",
    "net",
    "process",
  ]
  pruneopts = "UT"
  revision = "071446942108a03a13cf0717275ad3bdbcb691b4"
  version = "v2.19.01"

[[projects]]
  branch = "master"
  digest = "1:99c6a6dab47067c9b898e8c8b13d130c6ab4ffbcc4b7cc6236c2cd0b1e344f5b"
  name = "github.com/shirou/w32"
  packages = ["."]
  pruneopts = "UT"
  revision = "bb4de0191aa41b5507caa14b0650cdbddcd9280b"

[[projects]]
  digest = "1:919bb3aa6d9d0b67648c219fa4925312bc3c2872da19e818fa769e9c97a2b643"
  name = "github.com/spaolacci/murmur3"
  packages = ["."]
  pruneopts = "UT"
  revision = "9f5d223c60793748f04a9d5b4b4eacddfc1f755d"
  version = "v1.1"

[[projects]]
  branch = "master"
  digest = "1:685fdfea42d825ebd39ee0994354b46c374cf2c2b2d97a41a8dee1807c6a9b62"
  name = "github.com/syndtr/goleveldb"
  packages = [
    "leveldb",
    "leveldb/cache",
    "leveldb/comparer",
    "leveldb/errors",
    "leveldb/filter",
    "leveldb/iterator",
    "leveldb/journal",
    "leveldb/memdb",
    "leveldb/opt",
    "leveldb/storage",
    "leveldb/table",
    "leveldb/util",
  ]
  pruneopts = "UT"
  revision = "b001fa50d6b27f3f0bb175a87d0cb55426d0a0ae"

[[projects]]
  branch = "r1.12"
  digest = "1:0c7907087e740274db3c93281656162e00a5e602fa7485ea812cdc13b25eeed2"
  name = "github.com/tensorflow/tensorflow"
  packages = [
    "tensorflow/go",
    "tensorflow/go/op",
  ]
  pruneopts = "UT"
  revision = "a6d8ffae097d0132989ae4688d224121ec6d8f35"

[[projects]]
  branch = "master"
  digest = "1:98fa13beefbf581ec173561adad6374c460631593b4bdcf03adc29cd18e5d2f5"
  name = "github.com/whyrusleeping/base32"
  packages = ["."]
  pruneopts = "UT"
  revision = "c30ac30633ccdabefe87eb12465113f06f1bab75"

[[projects]]
  branch = "master"
  digest = "1:e2599924072678810fe41b00dead8e11e95fa55be2dbc01b5309c4bf04f2209c"
  name = "github.com/whyrusleeping/tar-utils"
  packages = ["."]
  pruneopts = "UT"
  revision = "8c6c8ba81d5c71fd69c0f48dbde4b2fb422b6dfc"

[[projects]]
  digest = "1:5f7414cf41466d4b4dd7ec52b2cd3e481e08cfd11e7e24fef730c0e483e88bb1"
  name = "go.etcd.io/bbolt"
  packages = ["."]
  pruneopts = "UT"
  revision = "63597a96ec0ad9e6d43c3fc81e809909e0237461"
  version = "v1.3.2"

[[projects]]
  digest = "1:3c1a69cdae3501bf75e76d0d86dc6f2b0a7421bc205c0cb7b96b19eed464a34d"
  name = "go.uber.org/atomic"
  packages = ["."]
  pruneopts = "UT"
  revision = "1ea20fb1cbb1cc08cbd0d913a96dead89aa18289"
  version = "v1.3.2"

[[projects]]
  digest = "1:60bf2a5e347af463c42ed31a493d817f8a72f102543060ed992754e689805d1a"
  name = "go.uber.org/multierr"
  packages = ["."]
  pruneopts = "UT"
  revision = "3c4937480c32f4c13a875a1829af76c98ca3d40a"
  version = "v1.1.0"

[[projects]]
  digest = "1:adccce69c151272d5053505aee552c6a1ac4e7bf6d18f0206ed7453187f6284d"
  name = "go.uber.org/zap"
  packages = [
    ".",
    "buffer",
    "internal/bufferpool",
    "internal/color",
    "internal/exit",
    "zapcore",
    "zaptest/observer",
  ]
  pruneopts = "UT"
  revision = "ff33455a0e382e8a81d14dd7c922020b6b5e7982"
  version = "v1.9.1"

[[projects]]
  branch = "master"
  digest = "1:d4bd1dd2019277a6f5c5284d08e0db03193c022cdabc9911a305a16ed172d384"
  name = "golang.org/x/crypto"
  packages = [
    "blake2s",
    "pbkdf2",
    "sha3",
  ]
  pruneopts = "UT"
  revision = "b8fe1690c61389d7d2a8074a507d1d40c5d30448"

[[projects]]
  branch = "master"
  digest = "1:fc7b6b4384e1e849d99eab58eca4f8c0a76bad4699117d5077a9a5c3c83e289e"
  name = "golang.org/x/net"
  packages = [
    "context",
    "http/httpguts",
    "http2",
    "http2/hpack",
    "idna",
    "internal/timeseries",
    "trace",
  ]
  pruneopts = "UT"
  revision = "d26f9f9a57f3fab6a695bec0d84433c2c50f8bbf"

[[projects]]
  branch = "master"
  digest = "1:f07f131873b0dfc4943d653179dcd007b391e9f7ef43dd728feaafc7b266f984"
  name = "golang.org/x/sys"
  packages = [
    "cpu",
    "unix",
    "windows",
  ]
  pruneopts = "UT"
  revision = "aca44879d5644da7c5b8ec6a1115e9b6ea6c40d9"

[[projects]]
  digest = "1:a2ab62866c75542dd18d2b069fec854577a20211d7c0ea6ae746072a1dccdd18"
  name = "golang.org/x/text"
  packages = [
    "collate",
    "collate/build",
    "internal/colltab",
    "internal/gen",
    "internal/tag",
    "internal/triegen",
    "internal/ucd",
    "language",
    "secure/bidirule",
    "transform",
    "unicode/bidi",
    "unicode/cldr",
    "unicode/norm",
    "unicode/rangetable",
  ]
  pruneopts = "UT"
  revision = "f21a4dfb5e38f5895301dc265a8def02365cc3d0"
  version = "v0.3.0"

[[projects]]
  branch = "master"
  digest = "1:077c1c599507b3b3e9156d17d36e1e61928ee9b53a5b420f10f28ebd4a0b275c"
  name = "google.golang.org/genproto"
  packages = ["googleapis/rpc/status"]
  pruneopts = "UT"
  revision = "8ac453e89fca495c0d17f98932642f392e2a11f3"

[[projects]]
  digest = "1:9ab5a33d8cb5c120602a34d2e985ce17956a4e8c2edce7e6961568f95e40c09a"
  name = "google.golang.org/grpc"
  packages = [
    ".",
    "balancer",
    "balancer/base",
    "balancer/roundrobin",
    "binarylog/grpc_binarylog_v1",
    "codes",
    "connectivity",
    "credentials",
    "credentials/internal",
    "encoding",
    "encoding/proto",
    "grpclog",
    "internal",
    "internal/backoff",
    "internal/binarylog",
    "internal/channelz",
    "internal/envconfig",
    "internal/grpcrand",
    "internal/grpcsync",
    "internal/syscall",
    "internal/transport",
    "keepalive",
    "metadata",
    "naming",
    "peer",
    "resolver",
    "resolver/dns",
    "resolver/passthrough",
    "stats",
    "status",
    "tap",
  ]
  pruneopts = "UT"
  revision = "a02b0774206b209466313a0b525d2c738fe407eb"
  version = "v1.18.0"

[solve-meta]
  analyzer-name = "dep"
  analyzer-version = 1
  input-imports = [
    "github.com/DavidBelicza/TextRank",
    "github.com/DavidBelicza/TextRank/convert",
    "github.com/DavidBelicza/TextRank/parse",
    "github.com/DavidBelicza/TextRank/rank",
    "github.com/RTradeLtd/cmd",
    "github.com/RTradeLtd/config",
    "github.com/RTradeLtd/go-ipfs-api",
    "github.com/RTradeLtd/grpc/lens",
    "github.com/RTradeLtd/grpc/lens/request",
    "github.com/RTradeLtd/grpc/lens/response",
    "github.com/RTradeLtd/grpc/lensv2",
    "github.com/RTradeLtd/grpc/middleware",
    "github.com/RTradeLtd/rtfs",
    "github.com/go-ego/riot",
    "github.com/go-ego/riot/types",
    "github.com/gofrs/uuid",
    "github.com/grpc-ecosystem/go-grpc-middleware",
    "github.com/grpc-ecosystem/go-grpc-middleware/logging/zap",
    "github.com/grpc-ecosystem/go-grpc-middleware/tags",
    "github.com/ipfs/go-cid",
    "github.com/ipfs/go-datastore",
    "github.com/ipfs/go-datastore/query",
    "github.com/ipfs/go-ds-badger",
    "github.com/otiai10/gosseract",
    "github.com/tensorflow/tensorflow/tensorflow/go",
    "github.com/tensorflow/tensorflow/tensorflow/go/op",
    "go.uber.org/zap",
    "go.uber.org/zap/zapcore",
    "go.uber.org/zap/zaptest/observer",
    "golang.org/x/net/context",
    "google.golang.org/grpc",
    "google.golang.org/grpc/credentials",
  ]
  solver-name = "gps-cdcl"
  solver-version = 1
